<Solution>
  <Folder Name="/src/">
    <Project Path="src/VesselOperationsMonitor.Domain/VesselOperationsMonitor.Domain.csproj" />
  </Folder>
  <Folder Name="/tests/">
    <Project Path="tests/VesselOperationsMonitor.Domain.Tests/VesselOperationsMonitor.Domain.Tests.csproj" />
  </Folder>
</Solution>
